// !$*UTF8*$!
{
	archiveVersion = 1;
	classes = {
	};
	objectVersion = 56;
	objects = {

/* Begin PBXBuildFile section */
		4629E48F2C0A7A650051E201 /* MyChartsApp.swift in Sources */ = {isa = PBXBuildFile; fileRef = 4629E48E2C0A7A650051E201 /* MyChartsApp.swift */; };
		4629E4912C0A7A650051E201 /* MyChartsView.swift in Sources */ = {isa = PBXBuildFile; fileRef = 4629E4902C0A7A650051E201 /* MyChartsView.swift */; };
		4629E4932C0A7A660051E201 /* Assets.xcassets in Resources */ = {isa = PBXBuildFile; fileRef = 4629E4922C0A7A660051E201 /* Assets.xcassets */; };
		4629E4962C0A7A660051E201 /* Preview Assets.xcassets in Resources */ = {isa = PBXBuildFile; fileRef = 4629E4952C0A7A660051E201 /* Preview Assets.xcassets */; };
		4629E49D2C0A7D0C0051E201 /* MyChartsViewModel.swift in Sources */ = {isa = PBXBuildFile; fileRef = 4629E49C2C0A7D0C0051E201 /* MyChartsViewModel.swift */; };
		4629E49F2C0A85EF0051E201 /* PetData.swift in Sources */ = {isa = PBXBuildFile; fileRef = 4629E49E2C0A85EF0051E201 /* PetData.swift */; };
		4629E4A12C0A86BC0051E201 /* ChartData.swift in Sources */ = {isa = PBXBuildFile; fileRef = 4629E4A02C0A86BC0051E201 /* ChartData.swift */; };
		4629E4A32C0A86E60051E201 /* PetStatisticsView.swift in Sources */ = {isa = PBXBuildFile; fileRef = 4629E4A22C0A86E60051E201 /* PetStatisticsView.swift */; };
		4629E4A82C0A89870051E201 /* SecondPetStatisticsView.swift in Sources */ = {isa = PBXBuildFile; fileRef = 4629E4A72C0A89870051E201 /* SecondPetStatisticsView.swift */; };
		4629E4AA2C0A8C1B0051E201 /* BarChartExampleView.swift in Sources */ = {isa = PBXBuildFile; fileRef = 4629E4A92C0A8C1B0051E201 /* BarChartExampleView.swift */; };
		46DB17102C0E81F500AB914F /* LineChartExampleView.swift in Sources */ = {isa = PBXBuildFile; fileRef = 46DB170F2C0E81F500AB914F /* LineChartExampleView.swift */; };
		46DB17122C0E822C00AB914F /* PointChartExampleView.swift in Sources */ = {isa = PBXBuildFile; fileRef = 46DB17112C0E822C00AB914F /* PointChartExampleView.swift */; };
		46DB17142C0E826C00AB914F /* AreaChartExampleView.swift in Sources */ = {isa = PBXBuildFile; fileRef = 46DB17132C0E826C00AB914F /* AreaChartExampleView.swift */; };
		46DB17162C0E8BC900AB914F /* RuleChartExampleView.swift in Sources */ = {isa = PBXBuildFile; fileRef = 46DB17152C0E8BC900AB914F /* RuleChartExampleView.swift */; };
		46DB17182C0E8D9000AB914F /* RectangleChartExampleView.swift in Sources */ = {isa = PBXBuildFile; fileRef = 46DB17172C0E8D9000AB914F /* RectangleChartExampleView.swift */; };
		46DB171A2C0E8E0900AB914F /* PieChartExampleView.swift in Sources */ = {isa = PBXBuildFile; fileRef = 46DB17192C0E8E0900AB914F /* PieChartExampleView.swift */; };
/* End PBXBuildFile section */

/* Begin PBXFileReference section */
		4629E48B2C0A7A650051E201 /* MyCharts.app */ = {isa = PBXFileReference; explicitFileType = wrapper.application; includeInIndex = 0; path = MyCharts.app; sourceTree = BUILT_PRODUCTS_DIR; };
		4629E48E2C0A7A650051E201 /* MyChartsApp.swift */ = {isa = PBXFileReference; lastKnownFileType = sourcecode.swift; path = MyChartsApp.swift; sourceTree = "<group>"; };
		4629E4902C0A7A650051E201 /* MyChartsView.swift */ = {isa = PBXFileReference; lastKnownFileType = sourcecode.swift; path = MyChartsView.swift; sourceTree = "<group>"; };
		4629E4922C0A7A660051E201 /* Assets.xcassets */ = {isa = PBXFileReference; lastKnownFileType = folder.assetcatalog; path = Assets.xcassets; sourceTree = "<group>"; };
		4629E4952C0A7A660051E201 /* Preview Assets.xcassets */ = {isa = PBXFileReference; lastKnownFileType = folder.assetcatalog; path = "Preview Assets.xcassets"; sourceTree = "<group>"; };
		4629E49C2C0A7D0C0051E201 /* MyChartsViewModel.swift */ = {isa = PBXFileReference; lastKnownFileType = sourcecode.swift; path = MyChartsViewModel.swift; sourceTree = "<group>"; };
		4629E49E2C0A85EF0051E201 /* PetData.swift */ = {isa = PBXFileReference; lastKnownFileType = sourcecode.swift; path = PetData.swift; sourceTree = "<group>"; };
		4629E4A02C0A86BC0051E201 /* ChartData.swift */ = {isa = PBXFileReference; lastKnownFileType = sourcecode.swift; path = ChartData.swift; sourceTree = "<group>"; };
		4629E4A22C0A86E60051E201 /* PetStatisticsView.swift */ = {isa = PBXFileReference; lastKnownFileType = sourcecode.swift; path = PetStatisticsView.swift; sourceTree = "<group>"; };
		4629E4A72C0A89870051E201 /* SecondPetStatisticsView.swift */ = {isa = PBXFileReference; lastKnownFileType = sourcecode.swift; path = SecondPetStatisticsView.swift; sourceTree = "<group>"; };
		4629E4A92C0A8C1B0051E201 /* BarChartExampleView.swift */ = {isa = PBXFileReference; lastKnownFileType = sourcecode.swift; path = BarChartExampleView.swift; sourceTree = "<group>"; };
		46DB170F2C0E81F500AB914F /* LineChartExampleView.swift */ = {isa = PBXFileReference; lastKnownFileType = sourcecode.swift; path = LineChartExampleView.swift; sourceTree = "<group>"; };
		46DB17112C0E822C00AB914F /* PointChartExampleView.swift */ = {isa = PBXFileReference; lastKnownFileType = sourcecode.swift; path = PointChartExampleView.swift; sourceTree = "<group>"; };
		46DB17132C0E826C00AB914F /* AreaChartExampleView.swift */ = {isa = PBXFileReference; lastKnownFileType = sourcecode.swift; path = AreaChartExampleView.swift; sourceTree = "<group>"; };
		46DB17152C0E8BC900AB914F /* RuleChartExampleView.swift */ = {isa = PBXFileReference; lastKnownFileType = sourcecode.swift; path = RuleChartExampleView.swift; sourceTree = "<group>"; };
		46DB17172C0E8D9000AB914F /* RectangleChartExampleView.swift */ = {isa = PBXFileReference; lastKnownFileType = sourcecode.swift; path = RectangleChartExampleView.swift; sourceTree = "<group>"; };
		46DB17192C0E8E0900AB914F /* PieChartExampleView.swift */ = {isa = PBXFileReference; lastKnownFileType = sourcecode.swift; path = PieChartExampleView.swift; sourceTree = "<group>"; };
/* End PBXFileReference section */

/* Begin PBXFrameworksBuildPhase section */
		4629E4882C0A7A650051E201 /* Frameworks */ = {
			isa = PBXFrameworksBuildPhase;
			buildActionMask = 2147483647;
			files = (
			);
			runOnlyForDeploymentPostprocessing = 0;
		};
/* End PBXFrameworksBuildPhase section */

/* Begin PBXGroup section */
		4629E4822C0A7A650051E201 = {
			isa = PBXGroup;
			children = (
				4629E48D2C0A7A650051E201 /* MyCharts */,
				4629E48C2C0A7A650051E201 /* Products */,
			);
			sourceTree = "<group>";
		};
		4629E48C2C0A7A650051E201 /* Products */ = {
			isa = PBXGroup;
			children = (
				4629E48B2C0A7A650051E201 /* MyCharts.app */,
			);
			name = Products;
			sourceTree = "<group>";
		};
		4629E48D2C0A7A650051E201 /* MyCharts */ = {
			isa = PBXGroup;
			children = (
				4629E4A62C0A881F0051E201 /* Models */,
				4629E4A52C0A88180051E201 /* ViewModels */,
				4629E4A42C0A88030051E201 /* Views */,
				4629E48E2C0A7A650051E201 /* MyChartsApp.swift */,
				4629E4922C0A7A660051E201 /* Assets.xcassets */,
				4629E4942C0A7A660051E201 /* Preview Content */,
			);
			path = MyCharts;
			sourceTree = "<group>";
		};
		4629E4942C0A7A660051E201 /* Preview Content */ = {
			isa = PBXGroup;
			children = (
				4629E4952C0A7A660051E201 /* Preview Assets.xcassets */,
			);
			path = "Preview Content";
			sourceTree = "<group>";
		};
		4629E4A42C0A88030051E201 /* Views */ = {
			isa = PBXGroup;
			children = (
				4629E4902C0A7A650051E201 /* MyChartsView.swift */,
				4629E4A22C0A86E60051E201 /* PetStatisticsView.swift */,
				4629E4A72C0A89870051E201 /* SecondPetStatisticsView.swift */,
				4629E4A92C0A8C1B0051E201 /* BarChartExampleView.swift */,
				46DB170F2C0E81F500AB914F /* LineChartExampleView.swift */,
				46DB17112C0E822C00AB914F /* PointChartExampleView.swift */,
				46DB17132C0E826C00AB914F /* AreaChartExampleView.swift */,
				46DB17152C0E8BC900AB914F /* RuleChartExampleView.swift */,
				46DB17172C0E8D9000AB914F /* RectangleChartExampleView.swift */,
				46DB17192C0E8E0900AB914F /* PieChartExampleView.swift */,
			);
			path = Views;
			sourceTree = "<group>";
		};
		4629E4A52C0A88180051E201 /* ViewModels */ = {
			isa = PBXGroup;
			children = (
				4629E49C2C0A7D0C0051E201 /* MyChartsViewModel.swift */,
			);
			path = ViewModels;
			sourceTree = "<group>";
		};
		4629E4A62C0A881F0051E201 /* Models */ = {
			isa = PBXGroup;
			children = (
				4629E49E2C0A85EF0051E201 /* PetData.swift */,
				4629E4A02C0A86BC0051E201 /* ChartData.swift */,
			);
			path = Models;
			sourceTree = "<group>";
		};
/* End PBXGroup section */

/* Begin PBXNativeTarget section */
		4629E48A2C0A7A650051E201 /* MyCharts */ = {
			isa = PBXNativeTarget;
			buildConfigurationList = 4629E4992C0A7A660051E201 /* Build configuration list for PBXNativeTarget "MyCharts" */;
			buildPhases = (
				4629E4872C0A7A650051E201 /* Sources */,
				4629E4882C0A7A650051E201 /* Frameworks */,
				4629E4892C0A7A650051E201 /* Resources */,
			);
			buildRules = (
			);
			dependencies = (
			);
			name = MyCharts;
			productName = MyCharts;
			productReference = 4629E48B2C0A7A650051E201 /* MyCharts.app */;
			productType = "com.apple.product-type.application";
		};
/* End PBXNativeTarget section */

/* Begin PBXProject section */
		4629E4832C0A7A650051E201 /* Project object */ = {
			isa = PBXProject;
			attributes = {
				BuildIndependentTargetsInParallel = 1;
				LastSwiftUpdateCheck = 1500;
				LastUpgradeCheck = 1500;
				TargetAttributes = {
					4629E48A2C0A7A650051E201 = {
						CreatedOnToolsVersion = 15.0.1;
					};
				};
			};
			buildConfigurationList = 4629E4862C0A7A650051E201 /* Build configuration list for PBXProject "MyCharts" */;
			compatibilityVersion = "Xcode 14.0";
			developmentRegion = en;
			hasScannedForEncodings = 0;
			knownRegions = (
				en,
				Base,
			);
			mainGroup = 4629E4822C0A7A650051E201;
			productRefGroup = 4629E48C2C0A7A650051E201 /* Products */;
			projectDirPath = "";
			projectRoot = "";
			targets = (
				4629E48A2C0A7A650051E201 /* MyCharts */,
			);
		};
/* End PBXProject section */

/* Begin PBXResourcesBuildPhase section */
		4629E4892C0A7A650051E201 /* Resources */ = {
			isa = PBXResourcesBuildPhase;
			buildActionMask = 2147483647;
			files = (
				4629E4962C0A7A660051E201 /* Preview Assets.xcassets in Resources */,
				4629E4932C0A7A660051E201 /* Assets.xcassets in Resources */,
			);
			runOnlyForDeploymentPostprocessing = 0;
		};
/* End PBXResourcesBuildPhase section */

/* Begin PBXSourcesBuildPhase section */
		4629E4872C0A7A650051E201 /* Sources */ = {
			isa = PBXSourcesBuildPhase;
			buildActionMask = 2147483647;
			files = (
				46DB17142C0E826C00AB914F /* AreaChartExampleView.swift in Sources */,
				46DB171A2C0E8E0900AB914F /* PieChartExampleView.swift in Sources */,
				4629E4912C0A7A650051E201 /* MyChartsView.swift in Sources */,
				46DB17122C0E822C00AB914F /* PointChartExampleView.swift in Sources */,
				4629E4AA2C0A8C1B0051E201 /* BarChartExampleView.swift in Sources */,
				4629E4A12C0A86BC0051E201 /* ChartData.swift in Sources */,
				46DB17102C0E81F500AB914F /* LineChartExampleView.swift in Sources */,
				4629E49D2C0A7D0C0051E201 /* MyChartsViewModel.swift in Sources */,
				4629E4A32C0A86E60051E201 /* PetStatisticsView.swift in Sources */,
				46DB17182C0E8D9000AB914F /* RectangleChartExampleView.swift in Sources */,
				4629E48F2C0A7A650051E201 /* MyChartsApp.swift in Sources */,
				4629E49F2C0A85EF0051E201 /* PetData.swift in Sources */,
				46DB17162C0E8BC900AB914F /* RuleChartExampleView.swift in Sources */,
				4629E4A82C0A89870051E201 /* SecondPetStatisticsView.swift in Sources */,
			);
			runOnlyForDeploymentPostprocessing = 0;
		};
/* End PBXSourcesBuildPhase section */

/* Begin XCBuildConfiguration section */
		4629E4972C0A7A660051E201 /* Debug */ = {
			isa = XCBuildConfiguration;
			buildSettings = {
				ALWAYS_SEARCH_USER_PATHS = NO;
				ASSETCATALOG_COMPILER_GENERATE_SWIFT_ASSET_SYMBOL_EXTENSIONS = YES;
				CLANG_ANALYZER_NONNULL = YES;
				CLANG_ANALYZER_NUMBER_OBJECT_CONVERSION = YES_AGGRESSIVE;
				CLANG_CXX_LANGUAGE_STANDARD = "gnu++20";
				CLANG_ENABLE_MODULES = YES;
				CLANG_ENABLE_OBJC_ARC = YES;
				CLANG_ENABLE_OBJC_WEAK = YES;
				CLANG_WARN_BLOCK_CAPTURE_AUTORELEASING = YES;
				CLANG_WARN_BOOL_CONVERSION = YES;
				CLANG_WARN_COMMA = YES;
				CLANG_WARN_CONSTANT_CONVERSION = YES;
				CLANG_WARN_DEPRECATED_OBJC_IMPLEMENTATIONS = YES;
				CLANG_WARN_DIRECT_OBJC_ISA_USAGE = YES_ERROR;
				CLANG_WARN_DOCUMENTATION_COMMENTS = YES;
				CLANG_WARN_EMPTY_BODY = YES;
				CLANG_WARN_ENUM_CONVERSION = YES;
				CLANG_WARN_INFINITE_RECURSION = YES;
				CLANG_WARN_INT_CONVERSION = YES;
				CLANG_WARN_NON_LITERAL_NULL_CONVERSION = YES;
				CLANG_WARN_OBJC_IMPLICIT_RETAIN_SELF = YES;
				CLANG_WARN_OBJC_LITERAL_CONVERSION = YES;
				CLANG_WARN_OBJC_ROOT_CLASS = YES_ERROR;
				CLANG_WARN_QUOTED_INCLUDE_IN_FRAMEWORK_HEADER = YES;
				CLANG_WARN_RANGE_LOOP_ANALYSIS = YES;
				CLANG_WARN_STRICT_PROTOTYPES = YES;
				CLANG_WARN_SUSPICIOUS_MOVE = YES;
				CLANG_WARN_UNGUARDED_AVAILABILITY = YES_AGGRESSIVE;
				CLANG_WARN_UNREACHABLE_CODE = YES;
				CLANG_WARN__DUPLICATE_METHOD_MATCH = YES;
				COPY_PHASE_STRIP = NO;
				DEBUG_INFORMATION_FORMAT = dwarf;
				ENABLE_STRICT_OBJC_MSGSEND = YES;
				ENABLE_TESTABILITY = YES;
				ENABLE_USER_SCRIPT_SANDBOXING = YES;
				GCC_C_LANGUAGE_STANDARD = gnu17;
				GCC_DYNAMIC_NO_PIC = NO;
				GCC_NO_COMMON_BLOCKS = YES;
				GCC_OPTIMIZATION_LEVEL = 0;
				GCC_PREPROCESSOR_DEFINITIONS = (
					"DEBUG=1",
					"$(inherited)",
				);
				GCC_WARN_64_TO_32_BIT_CONVERSION = YES;
				GCC_WARN_ABOUT_RETURN_TYPE = YES_ERROR;
				GCC_WARN_UNDECLARED_SELECTOR = YES;
				GCC_WARN_UNINITIALIZED_AUTOS = YES_AGGRESSIVE;
				GCC_WARN_UNUSED_FUNCTION = YES;
				GCC_WARN_UNUSED_VARIABLE = YES;
				IPHONEOS_DEPLOYMENT_TARGET = 17.0;
				LOCALIZATION_PREFERS_STRING_CATALOGS = YES;
				MTL_ENABLE_DEBUG_INFO = INCLUDE_SOURCE;
				MTL_FAST_MATH = YES;
				ONLY_ACTIVE_ARCH = YES;
				SDKROOT = iphoneos;
				SWIFT_ACTIVE_COMPILATION_CONDITIONS = "DEBUG $(inherited)";
				SWIFT_OPTIMIZATION_LEVEL = "-Onone";
			};
			name = Debug;
		};
		4629E4982C0A7A660051E201 /* Release */ = {
			isa = XCBuildConfiguration;
			buildSettings = {
				ALWAYS_SEARCH_USER_PATHS = NO;
				ASSETCATALOG_COMPILER_GENERATE_SWIFT_ASSET_SYMBOL_EXTENSIONS = YES;
				CLANG_ANALYZER_NONNULL = YES;
				CLANG_ANALYZER_NUMBER_OBJECT_CONVERSION = YES_AGGRESSIVE;
				CLANG_CXX_LANGUAGE_STANDARD = "gnu++20";
				CLANG_ENABLE_MODULES = YES;
				CLANG_ENABLE_OBJC_ARC = YES;
				CLANG_ENABLE_OBJC_WEAK = YES;
				CLANG_WARN_BLOCK_CAPTURE_AUTORELEASING = YES;
				CLANG_WARN_BOOL_CONVERSION = YES;
				CLANG_WARN_COMMA = YES;
				CLANG_WARN_CONSTANT_CONVERSION = YES;
				CLANG_WARN_DEPRECATED_OBJC_IMPLEMENTATIONS = YES;
				CLANG_WARN_DIRECT_OBJC_ISA_USAGE = YES_ERROR;
				CLANG_WARN_DOCUMENTATION_COMMENTS = YES;
				CLANG_WARN_EMPTY_BODY = YES;
				CLANG_WARN_ENUM_CONVERSION = YES;
				CLANG_WARN_INFINITE_RECURSION = YES;
				CLANG_WARN_INT_CONVERSION = YES;
				CLANG_WARN_NON_LITERAL_NULL_CONVERSION = YES;
				CLANG_WARN_OBJC_IMPLICIT_RETAIN_SELF = YES;
				CLANG_WARN_OBJC_LITERAL_CONVERSION = YES;
				CLANG_WARN_OBJC_ROOT_CLASS = YES_ERROR;
				CLANG_WARN_QUOTED_INCLUDE_IN_FRAMEWORK_HEADER = YES;
				CLANG_WARN_RANGE_LOOP_ANALYSIS = YES;
				CLANG_WARN_STRICT_PROTOTYPES = YES;
				CLANG_WARN_SUSPICIOUS_MOVE = YES;
				CLANG_WARN_UNGUARDED_AVAILABILITY = YES_AGGRESSIVE;
				CLANG_WARN_UNREACHABLE_CODE = YES;
				CLANG_WARN__DUPLICATE_METHOD_MATCH = YES;
				COPY_PHASE_STRIP = NO;
				DEBUG_INFORMATION_FORMAT = "dwarf-with-dsym";
				ENABLE_NS_ASSERTIONS = NO;
				ENABLE_STRICT_OBJC_MSGSEND = YES;
				ENABLE_USER_SCRIPT_SANDBOXING = YES;
				GCC_C_LANGUAGE_STANDARD = gnu17;
				GCC_NO_COMMON_BLOCKS = YES;
				GCC_WARN_64_TO_32_BIT_CONVERSION = YES;
				GCC_WARN_ABOUT_RETURN_TYPE = YES_ERROR;
				GCC_WARN_UNDECLARED_SELECTOR = YES;
				GCC_WARN_UNINITIALIZED_AUTOS = YES_AGGRESSIVE;
				GCC_WARN_UNUSED_FUNCTION = YES;
				GCC_WARN_UNUSED_VARIABLE = YES;
				IPHONEOS_DEPLOYMENT_TARGET = 17.0;
				LOCALIZATION_PREFERS_STRING_CATALOGS = YES;
				MTL_ENABLE_DEBUG_INFO = NO;
				MTL_FAST_MATH = YES;
				SDKROOT = iphoneos;
				SWIFT_COMPILATION_MODE = wholemodule;
				VALIDATE_PRODUCT = YES;
			};
			name = Release;
		};
		4629E49A2C0A7A660051E201 /* Debug */ = {
			isa = XCBuildConfiguration;
			buildSettings = {
				ASSETCATALOG_COMPILER_APPICON_NAME = AppIcon;
				ASSETCATALOG_COMPILER_GLOBAL_ACCENT_COLOR_NAME = AccentColor;
				CODE_SIGN_STYLE = Automatic;
				CURRENT_PROJECT_VERSION = 1;
				DEVELOPMENT_ASSET_PATHS = "\"MyCharts/Preview Content\"";
				DEVELOPMENT_TEAM = 3XA87D77BQ;
				ENABLE_PREVIEWS = YES;
				GENERATE_INFOPLIST_FILE = YES;
				INFOPLIST_KEY_UIApplicationSceneManifest_Generation = YES;
				INFOPLIST_KEY_UIApplicationSupportsIndirectInputEvents = YES;
				INFOPLIST_KEY_UILaunchScreen_Generation = YES;
				INFOPLIST_KEY_UISupportedInterfaceOrientations_iPad = "UIInterfaceOrientationPortrait UIInterfaceOrientationPortraitUpsideDown UIInterfaceOrientationLandscapeLeft UIInterfaceOrientationLandscapeRight";
				INFOPLIST_KEY_UISupportedInterfaceOrientations_iPhone = "UIInterfaceOrientationPortrait UIInterfaceOrientationLandscapeLeft UIInterfaceOrientationLandscapeRight";
				LD_RUNPATH_SEARCH_PATHS = (
					"$(inherited)",
					"@executable_path/Frameworks",
				);
				MARKETING_VERSION = 1.0;
				PRODUCT_BUNDLE_IDENTIFIER = com.rafaelplinio.MyCharts;
				PRODUCT_NAME = "$(TARGET_NAME)";
				SWIFT_EMIT_LOC_STRINGS = YES;
				SWIFT_VERSION = 5.0;
				TARGETED_DEVICE_FAMILY = "1,2";
			};
			name = Debug;
		};
		4629E49B2C0A7A660051E201 /* Release */ = {
			isa = XCBuildConfiguration;
			buildSettings = {
				ASSETCATALOG_COMPILER_APPICON_NAME = AppIcon;
				ASSETCATALOG_COMPILER_GLOBAL_ACCENT_COLOR_NAME = AccentColor;
				CODE_SIGN_STYLE = Automatic;
				CURRENT_PROJECT_VERSION = 1;
				DEVELOPMENT_ASSET_PATHS = "\"MyCharts/Preview Content\"";
				DEVELOPMENT_TEAM = 3XA87D77BQ;
				ENABLE_PREVIEWS = YES;
				GENERATE_INFOPLIST_FILE = YES;
				INFOPLIST_KEY_UIApplicationSceneManifest_Generation = YES;
				INFOPLIST_KEY_UIApplicationSupportsIndirectInputEvents = YES;
				INFOPLIST_KEY_UILaunchScreen_Generation = YES;
				INFOPLIST_KEY_UISupportedInterfaceOrientations_iPad = "UIInterfaceOrientationPortrait UIInterfaceOrientationPortraitUpsideDown UIInterfaceOrientationLandscapeLeft UIInterfaceOrientationLandscapeRight";
				INFOPLIST_KEY_UISupportedInterfaceOrientations_iPhone = "UIInterfaceOrientationPortrait UIInterfaceOrientationLandscapeLeft UIInterfaceOrientationLandscapeRight";
				LD_RUNPATH_SEARCH_PATHS = (
					"$(inherited)",
					"@executable_path/Frameworks",
				);
				MARKETING_VERSION = 1.0;
				PRODUCT_BUNDLE_IDENTIFIER = com.rafaelplinio.MyCharts;
				PRODUCT_NAME = "$(TARGET_NAME)";
				SWIFT_EMIT_LOC_STRINGS = YES;
				SWIFT_VERSION = 5.0;
				TARGETED_DEVICE_FAMILY = "1,2";
			};
			name = Release;
		};
/* End XCBuildConfiguration section */

/* Begin XCConfigurationList section */
		4629E4862C0A7A650051E201 /* Build configuration list for PBXProject "MyCharts" */ = {
			isa = XCConfigurationList;
			buildConfigurations = (
				4629E4972C0A7A660051E201 /* Debug */,
				4629E4982C0A7A660051E201 /* Release */,
			);
			defaultConfigurationIsVisible = 0;
			defaultConfigurationName = Release;
		};
		4629E4992C0A7A660051E201 /* Build configuration list for PBXNativeTarget "MyCharts" */ = {
			isa = XCConfigurationList;
			buildConfigurations = (
				4629E49A2C0A7A660051E201 /* Debug */,
				4629E49B2C0A7A660051E201 /* Release */,
			);
			defaultConfigurationIsVisible = 0;
			defaultConfigurationName = Release;
		};
/* End XCConfigurationList section */
	};
	rootObject = 4629E4832C0A7A650051E201 /* Project object */;
}
